{
  "nodes": {
    "csharpnixpkgs": {
      "locked": {
        "lastModified": 1648653000,
        "narHash": "sha256-L6uICes39sUfZPBTYuZv3FWmBYuPcv3rnOnDUzaT1OA=",
        "owner": "NixOS",
        "repo": "nixpkgs",
        "rev": "fd78240ac82ada2b598d4491dbf6ff8622bd3dff",
        "type": "github"
      },
      "original": {
        "owner": "NixOS",
        "ref": "fd78240",
        "repo": "nixpkgs",
        "type": "github"
      }
    },
    "flake-compat": {
      "flake": false,
      "locked": {
        "lastModified": 1673956053,
        "narHash": "sha256-4gtG9iQuiKITOjNQQeQIpoIB6b16fm+504Ch3sNKLd8=",
        "owner": "edolstra",
        "repo": "flake-compat",
        "rev": "35bb57c0c8d8b62bbfd284272c928ceb64ddbde9",
        "type": "github"
      },
      "original": {
        "owner": "edolstra",
        "repo": "flake-compat",
        "type": "github"
      }
    },
    "flake-parts": {
      "inputs": {
        "nixpkgs-lib": "nixpkgs-lib"
      },
      "locked": {
        "lastModified": 1683560683,
        "narHash": "sha256-XAygPMN5Xnk/W2c1aW0jyEa6lfMDZWlQgiNtmHXytPc=",
        "owner": "hercules-ci",
        "repo": "flake-parts",
        "rev": "006c75898cf814ef9497252b022e91c946ba8e17",
        "type": "github"
      },
      "original": {
        "owner": "hercules-ci",
        "repo": "flake-parts",
        "type": "github"
      }
    },
    "flake-utils": {
      "locked": {
        "lastModified": 1667395993,
        "narHash": "sha256-nuEHfE/LcWyuSWnS8t12N1wc105Qtau+/OdUAjtQ0rA=",
        "owner": "numtide",
        "repo": "flake-utils",
        "rev": "5aed5285a952e0b949eb3ba02c12fa4fcfef535f",
        "type": "github"
      },
      "original": {
        "owner": "numtide",
        "repo": "flake-utils",
        "type": "github"
      }
    },
    "flake-utils_2": {
      "locked": {
        "lastModified": 1667395993,
        "narHash": "sha256-nuEHfE/LcWyuSWnS8t12N1wc105Qtau+/OdUAjtQ0rA=",
        "owner": "numtide",
        "repo": "flake-utils",
        "rev": "5aed5285a952e0b949eb3ba02c12fa4fcfef535f",
        "type": "github"
      },
      "original": {
        "owner": "numtide",
        "repo": "flake-utils",
        "type": "github"
      }
    },
    "gitignore": {
      "inputs": {
        "nixpkgs": [
          "prismlauncher",
          "pre-commit-hooks",
          "nixpkgs"
        ]
      },
      "locked": {
        "lastModified": 1660459072,
        "narHash": "sha256-8DFJjXG8zqoONA1vXtgeKXy68KdJL5UaXR8NtVMUbx8=",
        "owner": "hercules-ci",
        "repo": "gitignore.nix",
        "rev": "a20de23b925fd8264fd7fad6454652e142fd7f73",
        "type": "github"
      },
      "original": {
        "owner": "hercules-ci",
        "repo": "gitignore.nix",
        "type": "github"
      }
    },
    "home-manager": {
      "inputs": {
        "nixpkgs": [
          "nixpkgs"
        ],
        "utils": "utils"
      },
      "locked": {
        "lastModified": 1681092193,
        "narHash": "sha256-JerCqqOqbT2tBnXQW4EqwFl0hHnuZp21rIQ6lu/N4rI=",
        "owner": "nix-community",
        "repo": "home-manager",
        "rev": "f9edbedaf015013eb35f8caacbe0c9666bbc16af",
        "type": "github"
      },
      "original": {
        "owner": "nix-community",
        "ref": "release-22.11",
        "repo": "home-manager",
        "type": "github"
      }
    },
    "libnbtplusplus": {
      "flake": false,
      "locked": {
        "lastModified": 1650031308,
        "narHash": "sha256-TvVOjkUobYJD9itQYueELJX3wmecvEdCbJ0FinW2mL4=",
        "owner": "PrismLauncher",
        "repo": "libnbtplusplus",
        "rev": "2203af7eeb48c45398139b583615134efd8d407f",
        "type": "github"
      },
      "original": {
        "owner": "PrismLauncher",
        "repo": "libnbtplusplus",
        "type": "github"
      }
    },
    "mcpelauncher": {
      "inputs": {
        "nixpkgs": [
          "nixpkgs"
        ]
      },
      "locked": {
        "lastModified": 1674391877,
        "narHash": "sha256-oRdyVpJ0mrG/cEGzjka4ZPSkOTIzpSLqH1gatGA5fGs=",
        "owner": "headblockhead",
        "repo": "nix-mcpelauncher",
        "rev": "87a54ab6422535861c3d82e5ef370ab0c73b3a31",
        "type": "github"
      },
      "original": {
        "owner": "headblockhead",
        "repo": "nix-mcpelauncher",
        "type": "github"
      }
    },
    "nixpkgs": {
      "locked": {
        "lastModified": 1685758009,
        "narHash": "sha256-IT4Z5WGhafrq+xbDTyuKrRPRQ1f+kVOtE+4JU1CHFeo=",
        "owner": "NixOS",
        "repo": "nixpkgs",
        "rev": "eaf03591711b46d21abc7082a8ebee4681f9dbeb",
        "type": "github"
      },
      "original": {
        "id": "nixpkgs",
        "ref": "nixos-22.11",
        "type": "indirect"
      }
    },
    "nixpkgs-lib": {
      "locked": {
        "dir": "lib",
        "lastModified": 1682879489,
        "narHash": "sha256-sASwo8gBt7JDnOOstnps90K1wxmVfyhsTPPNTGBPjjg=",
        "owner": "NixOS",
        "repo": "nixpkgs",
        "rev": "da45bf6ec7bbcc5d1e14d3795c025199f28e0de0",
        "type": "github"
      },
      "original": {
        "dir": "lib",
        "owner": "NixOS",
        "ref": "nixos-unstable",
        "repo": "nixpkgs",
        "type": "github"
      }
    },
    "nixpkgs_2": {
      "locked": {
        "lastModified": 1686767166,
        "narHash": "sha256-zrdYWQc6KaTXSFTI9LBbnrJ/X7UKaYp2HEXl97tSSmU=",
        "owner": "nixos",
        "repo": "nixpkgs",
        "rev": "ff1cd885da89c8f27091d7cf45af95b97970170f",
        "type": "github"
      },
      "original": {
        "owner": "nixos",
        "ref": "nixpkgs-unstable",
        "repo": "nixpkgs",
        "type": "github"
      }
    },
    "oldnixpkgs": {
      "locked": {
        "lastModified": 1659914493,
        "narHash": "sha256-lkA5X3VNMKirvA+SUzvEhfA7XquWLci+CGi505YFAIs=",
        "owner": "NixOS",
        "repo": "nixpkgs",
        "rev": "022caabb5f2265ad4006c1fa5b1ebe69fb0c3faf",
        "type": "github"
      },
      "original": {
        "id": "nixpkgs",
        "ref": "nixos-21.05",
        "type": "indirect"
      }
    },
    "playdatemirror": {
      "inputs": {
        "nixpkgs": [
          "nixpkgs"
        ]
      },
      "locked": {
        "lastModified": 1673646356,
        "narHash": "sha256-V/G2H9N+0zfygtf0b/p3T37mg1hn5wTDuRErqL+e7KQ=",
        "owner": "headblockhead",
        "repo": "nix-playdatemirror",
        "rev": "833cdea720a4dec698b18968b59053cb425f6b14",
        "type": "github"
      },
      "original": {
        "owner": "headblockhead",
        "repo": "nix-playdatemirror",
        "type": "github"
      }
    },
    "playdatesdk": {
      "inputs": {
        "nixpkgs": [
          "nixpkgs"
        ]
      },
      "locked": {
        "lastModified": 1678384428,
        "narHash": "sha256-0uOm6P8/nj/OiokUoslzzA+12jEb149KMTwo+V2ylaE=",
        "owner": "headblockhead",
        "repo": "nix-playdatesdk",
        "rev": "995f7a14827a4c4689584f80c854c5b3a48869cc",
        "type": "github"
      },
      "original": {
        "owner": "headblockhead",
        "repo": "nix-playdatesdk",
        "type": "github"
      }
    },
    "pre-commit-hooks": {
      "inputs": {
        "flake-compat": [
          "prismlauncher",
          "flake-compat"
        ],
        "flake-utils": "flake-utils",
        "gitignore": "gitignore",
        "nixpkgs": [
          "prismlauncher",
          "nixpkgs"
        ],
        "nixpkgs-stable": [
          "prismlauncher",
          "nixpkgs"
        ]
      },
      "locked": {
        "lastModified": 1684842236,
        "narHash": "sha256-rYWsIXHvNhVQ15RQlBUv67W3YnM+Pd+DuXGMvCBq2IE=",
        "owner": "cachix",
        "repo": "pre-commit-hooks.nix",
        "rev": "61e567d6497bc9556f391faebe5e410e6623217f",
        "type": "github"
      },
      "original": {
        "owner": "cachix",
        "repo": "pre-commit-hooks.nix",
        "type": "github"
      }
    },
    "prismlauncher": {
      "inputs": {
        "flake-compat": "flake-compat",
        "flake-parts": "flake-parts",
        "libnbtplusplus": "libnbtplusplus",
        "nixpkgs": "nixpkgs_2",
        "pre-commit-hooks": "pre-commit-hooks"
      },
      "locked": {
        "lastModified": 1686827492,
        "narHash": "sha256-h8ehTHlZ/hKNMC/K+C2w4ZRhJ7m0k+/E5/7sdM7Y+Wg=",
        "owner": "PrismLauncher",
        "repo": "PrismLauncher",
        "rev": "8bf5ba2836f8bb2d0555527947e80ea873515d03",
        "type": "github"
      },
      "original": {
        "owner": "PrismLauncher",
        "repo": "PrismLauncher",
        "type": "github"
      }
    },
    "root": {
      "inputs": {
        "csharpnixpkgs": "csharpnixpkgs",
        "home-manager": "home-manager",
        "mcpelauncher": "mcpelauncher",
        "nixpkgs": "nixpkgs",
        "oldnixpkgs": "oldnixpkgs",
        "playdatemirror": "playdatemirror",
        "playdatesdk": "playdatesdk",
        "prismlauncher": "prismlauncher",
        "rpi-nixpkgs": "rpi-nixpkgs",
        "unitynixpkgs": "unitynixpkgs",
        "unstablenixpkgs": "unstablenixpkgs",
        "xc": "xc"
      }
    },
    "rpi-nixpkgs": {
      "locked": {
        "lastModified": 1671768439,
        "narHash": "sha256-AZDO7GyByLyZbzFBnXaLoyKlX42tmOWqLgMu/hmS2c0=",
        "owner": "NixOS",
        "repo": "nixpkgs",
        "rev": "d91e1f98fa83fecf614111b3bfde9bf2b3c3aa3d",
        "type": "github"
      },
      "original": {
        "owner": "NixOS",
        "ref": "d91e1f9",
        "repo": "nixpkgs",
        "type": "github"
      }
    },
    "systems": {
      "locked": {
        "lastModified": 1681028828,
        "narHash": "sha256-Vy1rq5AaRuLzOxct8nz4T6wlgyUR7zLU309k9mBC768=",
        "owner": "nix-systems",
        "repo": "default",
        "rev": "da67096a3b9bf56a91d16901293e51ba5b49a27e",
        "type": "github"
      },
      "original": {
        "owner": "nix-systems",
        "repo": "default",
        "type": "github"
      }
    },
    "unitynixpkgs": {
      "locked": {
        "lastModified": 1683664813,
        "narHash": "sha256-5q9H3ZeTE27s/5Fzo9oZEleFSLpKP5sG3fYkqnE0xgM=",
        "owner": "NixOS",
        "repo": "nixpkgs",
        "rev": "afb1ed831a77713d43ef1f40920c1a177b5c7171",
        "type": "github"
      },
      "original": {
        "owner": "NixOS",
        "ref": "afb1ed8",
        "repo": "nixpkgs",
        "type": "github"
      }
    },
    "unstablenixpkgs": {
      "locked": {
        "lastModified": 1684215771,
        "narHash": "sha256-fsum28z+g18yreNa1Y7MPo9dtps5h1VkHfZbYQ+YPbk=",
        "owner": "NixOS",
        "repo": "nixpkgs",
        "rev": "963006aab35e3e8ebbf6052b6bf4ea712fdd3c28",
        "type": "github"
      },
      "original": {
        "id": "nixpkgs",
        "ref": "nixos-unstable",
        "type": "indirect"
      }
    },
    "utils": {
      "inputs": {
        "systems": "systems"
      },
      "locked": {
        "lastModified": 1685518550,
        "narHash": "sha256-o2d0KcvaXzTrPRIo0kOLV0/QXHhDQ5DTi+OxcjO8xqY=",
        "owner": "numtide",
        "repo": "flake-utils",
        "rev": "a1720a10a6cfe8234c0e93907ffe81be440f4cef",
        "type": "github"
      },
      "original": {
        "owner": "numtide",
        "repo": "flake-utils",
        "type": "github"
      }
    },
    "xc": {
      "inputs": {
        "flake-utils": "flake-utils_2",
        "nixpkgs": [
          "nixpkgs"
        ]
      },
      "locked": {
        "lastModified": 1683280918,
        "narHash": "sha256-mCUkdHn/DRLljyPLlpV4pZqTwaU5lhAA5ITDtyWy3/4=",
        "owner": "joerdav",
        "repo": "xc",
        "rev": "c87eea66bf8dc20e6712f7ffb0561d587e745215",
        "type": "github"
      },
      "original": {
        "owner": "joerdav",
        "repo": "xc",
        "type": "github"
      }
    }
  },
  "root": "root",
  "version": 7
}
