{
  "nodes": {
    "flake-utils": {
      "locked": {
        "lastModified": 1667395993,
        "narHash": "sha256-nuEHfE/LcWyuSWnS8t12N1wc105Qtau+/OdUAjtQ0rA=",
        "owner": "numtide",
        "repo": "flake-utils",
        "rev": "5aed5285a952e0b949eb3ba02c12fa4fcfef535f",
        "type": "github"
      },
      "original": {
        "owner": "numtide",
        "repo": "flake-utils",
        "type": "github"
      }
    },
    "home-manager": {
      "inputs": {
        "nixpkgs": [
          "nixpkgs"
        ]
      },
      "locked": {
        "lastModified": 1684321175,
        "narHash": "sha256-V4EbM+jK7pvjKBaj0dgAiW9ultzDE27Nz5fRyu/ceMk=",
        "owner": "nix-community",
        "repo": "home-manager",
        "rev": "59659243cd4ababda605e79b4a9c2e6d83e24c86",
        "type": "github"
      },
      "original": {
        "owner": "nix-community",
        "repo": "home-manager",
        "type": "github"
      }
    },
    "mcpelauncher": {
      "inputs": {
        "nixpkgs": [
          "nixpkgs"
        ]
      },
      "locked": {
        "lastModified": 1674391877,
        "narHash": "sha256-oRdyVpJ0mrG/cEGzjka4ZPSkOTIzpSLqH1gatGA5fGs=",
        "owner": "headblockhead",
        "repo": "nix-mcpelauncher",
        "rev": "87a54ab6422535861c3d82e5ef370ab0c73b3a31",
        "type": "github"
      },
      "original": {
        "owner": "headblockhead",
        "repo": "nix-mcpelauncher",
        "type": "github"
      }
    },
    "nixpkgs": {
      "locked": {
        "lastModified": 1684280442,
        "narHash": "sha256-nC1/kfh6tpMQSLQalbNTNnireIlxvLLugrjZdasNh+I=",
        "owner": "NixOS",
        "repo": "nixpkgs",
        "rev": "6c591e7adc514090a77209f56c9d0c551ab8530d",
        "type": "github"
      },
      "original": {
        "id": "nixpkgs",
        "ref": "nixos-22.11",
        "type": "indirect"
      }
    },
    "oldnixpkgs": {
      "locked": {
        "lastModified": 1659914493,
        "narHash": "sha256-lkA5X3VNMKirvA+SUzvEhfA7XquWLci+CGi505YFAIs=",
        "owner": "NixOS",
        "repo": "nixpkgs",
        "rev": "022caabb5f2265ad4006c1fa5b1ebe69fb0c3faf",
        "type": "github"
      },
      "original": {
        "id": "nixpkgs",
        "ref": "nixos-21.05",
        "type": "indirect"
      }
    },
    "playdatemirror": {
      "inputs": {
        "nixpkgs": [
          "nixpkgs"
        ]
      },
      "locked": {
        "lastModified": 1673646356,
        "narHash": "sha256-V/G2H9N+0zfygtf0b/p3T37mg1hn5wTDuRErqL+e7KQ=",
        "owner": "headblockhead",
        "repo": "nix-playdatemirror",
        "rev": "833cdea720a4dec698b18968b59053cb425f6b14",
        "type": "github"
      },
      "original": {
        "owner": "headblockhead",
        "repo": "nix-playdatemirror",
        "type": "github"
      }
    },
    "playdatesdk": {
      "inputs": {
        "nixpkgs": [
          "nixpkgs"
        ]
      },
      "locked": {
        "lastModified": 1678384428,
        "narHash": "sha256-0uOm6P8/nj/OiokUoslzzA+12jEb149KMTwo+V2ylaE=",
        "owner": "headblockhead",
        "repo": "nix-playdatesdk",
        "rev": "995f7a14827a4c4689584f80c854c5b3a48869cc",
        "type": "github"
      },
      "original": {
        "owner": "headblockhead",
        "repo": "nix-playdatesdk",
        "type": "github"
      }
    },
    "root": {
      "inputs": {
        "home-manager": "home-manager",
        "mcpelauncher": "mcpelauncher",
        "nixpkgs": "nixpkgs",
        "oldnixpkgs": "oldnixpkgs",
        "playdatemirror": "playdatemirror",
        "playdatesdk": "playdatesdk",
        "unstablenixpkgs": "unstablenixpkgs",
        "xc": "xc"
      }
    },
    "unstablenixpkgs": {
      "locked": {
        "lastModified": 1684215771,
        "narHash": "sha256-fsum28z+g18yreNa1Y7MPo9dtps5h1VkHfZbYQ+YPbk=",
        "owner": "NixOS",
        "repo": "nixpkgs",
        "rev": "963006aab35e3e8ebbf6052b6bf4ea712fdd3c28",
        "type": "github"
      },
      "original": {
        "id": "nixpkgs",
        "ref": "nixos-unstable",
        "type": "indirect"
      }
    },
    "xc": {
      "inputs": {
        "flake-utils": "flake-utils",
        "nixpkgs": [
          "nixpkgs"
        ]
      },
      "locked": {
        "lastModified": 1683280918,
        "narHash": "sha256-mCUkdHn/DRLljyPLlpV4pZqTwaU5lhAA5ITDtyWy3/4=",
        "owner": "joerdav",
        "repo": "xc",
        "rev": "c87eea66bf8dc20e6712f7ffb0561d587e745215",
        "type": "github"
      },
      "original": {
        "owner": "joerdav",
        "repo": "xc",
        "type": "github"
      }
    }
  },
  "root": "root",
  "version": 7
}
